
Microsoft Visual Studio Solution File, Format Version 12.00
# Visual Studio Version 17
VisualStudioVersion = 17.7.34221.43
MinimumVisualStudioVersion = 10.0.40219.1
Project("{FAE04EC0-301F-11D3-BF4B-00C04F79EFBC}") = "Lost", "Lost\Lost.csproj", "{4790FF6A-AE21-4E0C-8043-2172B252E9C9}"
EndProject
Project("{FAE04EC0-301F-11D3-BF4B-00C04F79EFBC}") = "Lost.EF", "Lost.EF\Lost.EF.csproj", "{6A92C6AA-5413-4AA9-9227-8FFEB02132D8}"
EndProject
Project("{FAE04EC0-301F-11D3-BF4B-00C04F79EFBC}") = "Lost.Core", "Lost.Core\Lost.Core.csproj", "{D8B840B0-153D-4604-905B-ED43EDB7D893}"
EndProject
Global
	GlobalSection(SolutionConfigurationPlatforms) = preSolution
		Debug|Any CPU = Debug|Any CPU
		Release|Any CPU = Release|Any CPU
	EndGlobalSection
	GlobalSection(ProjectConfigurationPlatforms) = postSolution
		{4790FF6A-AE21-4E0C-8043-2172B252E9C9}.Debug|Any CPU.ActiveCfg = Debug|Any CPU
		{4790FF6A-AE21-4E0C-8043-2172B252E9C9}.Debug|Any CPU.Build.0 = Debug|Any CPU
		{4790FF6A-AE21-4E0C-8043-2172B252E9C9}.Release|Any CPU.ActiveCfg = Release|Any CPU
		{4790FF6A-AE21-4E0C-8043-2172B252E9C9}.Release|Any CPU.Build.0 = Release|Any CPU
		{6A92C6AA-5413-4AA9-9227-8FFEB02132D8}.Debug|Any CPU.ActiveCfg = Debug|Any CPU
		{6A92C6AA-5413-4AA9-9227-8FFEB02132D8}.Debug|Any CPU.Build.0 = Debug|Any CPU
		{6A92C6AA-5413-4AA9-9227-8FFEB02132D8}.Release|Any CPU.ActiveCfg = Release|Any CPU
		{6A92C6AA-5413-4AA9-9227-8FFEB02132D8}.Release|Any CPU.Build.0 = Release|Any CPU
		{D8B840B0-153D-4604-905B-ED43EDB7D893}.Debug|Any CPU.ActiveCfg = Debug|Any CPU
		{D8B840B0-153D-4604-905B-ED43EDB7D893}.Debug|Any CPU.Build.0 = Debug|Any CPU
		{D8B840B0-153D-4604-905B-ED43EDB7D893}.Release|Any CPU.ActiveCfg = Release|Any CPU
		{D8B840B0-153D-4604-905B-ED43EDB7D893}.Release|Any CPU.Build.0 = Release|Any CPU
	EndGlobalSection
	GlobalSection(SolutionProperties) = preSolution
		HideSolutionNode = FALSE
	EndGlobalSection
	GlobalSection(ExtensibilityGlobals) = postSolution
		SolutionGuid = {B840B2C9-85F3-4751-B0BB-624A1187A2A0}
	EndGlobalSection
EndGlobal
